
Microsoft Visual Studio Solution File, Format Version 12.00
# Visual Studio Version 17
VisualStudioVersion = 17.0.31903.59
MinimumVisualStudioVersion = 10.0.40219.1
Project("{2150E333-8FDC-42A3-9474-1A3956D46DE8}") = "src", "src", "{A012EFD8-D223-419A-81B9-09D076BC4282}"
EndProject
Project("{9A19103F-16F7-4668-BE54-9A1E7A4F7556}") = "Contact-zoo-at-home.Core", "src\Contact-zoo-at-home.Core\Contact-zoo-at-home.Core.csproj", "{99595782-FB1C-4F23-811F-D44CCDA0C18C}"
EndProject
Project("{9A19103F-16F7-4668-BE54-9A1E7A4F7556}") = "Contact-zoo-at-home.Infrastructure.Data", "src\Contact-zoo-at-home.Infrastructure.Data\Contact-zoo-at-home.Infrastructure.Data.csproj", "{6F7D048F-0597-44D2-AA80-16D565C5100E}"
EndProject
Project("{9A19103F-16F7-4668-BE54-9A1E7A4F7556}") = "Contact-zoo-at-home.Infrastructure.Identity", "src\Contact-zoo-at-home.Infrastructure.Identity\Contact-zoo-at-home.Infrastructure.Identity.csproj", "{06C88F0B-B637-40E4-948A-2BD860F64D0D}"
EndProject
Project("{9A19103F-16F7-4668-BE54-9A1E7A4F7556}") = "testingEFCore", "test\testingEFCore\testingEFCore.csproj", "{739AB47A-589F-4D93-96FF-3D2B7646F1C0}"
EndProject
Project("{2150E333-8FDC-42A3-9474-1A3956D46DE8}") = "test", "test", "{EF9AB35D-F602-409E-99FE-1B87FFEFF5E5}"
EndProject
Project("{9A19103F-16F7-4668-BE54-9A1E7A4F7556}") = "WebUI", "src\WebUI\WebUI.csproj", "{FB7258B2-BE8C-40B1-A5CD-7342FBA04629}"
EndProject
Project("{9A19103F-16F7-4668-BE54-9A1E7A4F7556}") = "AutoMapperTest", "test\AutoMapperTest\AutoMapperTest.csproj", "{D108F979-C7A8-4481-8862-5EFD387A73D8}"
EndProject
Project("{FAE04EC0-301F-11D3-BF4B-00C04F79EFBC}") = "MinificationAndBundling(.ts-.scss)Test", "test\MinificationAndBundling(.ts-.scss)Test\MinificationAndBundling(.ts-.scss)Test.csproj", "{38373C2B-F075-4B07-9E06-7F15B56471D4}"
EndProject
Global
	GlobalSection(SolutionConfigurationPlatforms) = preSolution
		Debug|Any CPU = Debug|Any CPU
		Release|Any CPU = Release|Any CPU
	EndGlobalSection
	GlobalSection(ProjectConfigurationPlatforms) = postSolution
		{99595782-FB1C-4F23-811F-D44CCDA0C18C}.Debug|Any CPU.ActiveCfg = Debug|Any CPU
		{99595782-FB1C-4F23-811F-D44CCDA0C18C}.Debug|Any CPU.Build.0 = Debug|Any CPU
		{99595782-FB1C-4F23-811F-D44CCDA0C18C}.Release|Any CPU.ActiveCfg = Release|Any CPU
		{99595782-FB1C-4F23-811F-D44CCDA0C18C}.Release|Any CPU.Build.0 = Release|Any CPU
		{6F7D048F-0597-44D2-AA80-16D565C5100E}.Debug|Any CPU.ActiveCfg = Debug|Any CPU
		{6F7D048F-0597-44D2-AA80-16D565C5100E}.Debug|Any CPU.Build.0 = Debug|Any CPU
		{6F7D048F-0597-44D2-AA80-16D565C5100E}.Release|Any CPU.ActiveCfg = Release|Any CPU
		{6F7D048F-0597-44D2-AA80-16D565C5100E}.Release|Any CPU.Build.0 = Release|Any CPU
		{06C88F0B-B637-40E4-948A-2BD860F64D0D}.Debug|Any CPU.ActiveCfg = Debug|Any CPU
		{06C88F0B-B637-40E4-948A-2BD860F64D0D}.Debug|Any CPU.Build.0 = Debug|Any CPU
		{06C88F0B-B637-40E4-948A-2BD860F64D0D}.Release|Any CPU.ActiveCfg = Release|Any CPU
		{06C88F0B-B637-40E4-948A-2BD860F64D0D}.Release|Any CPU.Build.0 = Release|Any CPU
		{739AB47A-589F-4D93-96FF-3D2B7646F1C0}.Debug|Any CPU.ActiveCfg = Debug|Any CPU
		{739AB47A-589F-4D93-96FF-3D2B7646F1C0}.Debug|Any CPU.Build.0 = Debug|Any CPU
		{739AB47A-589F-4D93-96FF-3D2B7646F1C0}.Release|Any CPU.ActiveCfg = Release|Any CPU
		{739AB47A-589F-4D93-96FF-3D2B7646F1C0}.Release|Any CPU.Build.0 = Release|Any CPU
		{FB7258B2-BE8C-40B1-A5CD-7342FBA04629}.Debug|Any CPU.ActiveCfg = Debug|Any CPU
		{FB7258B2-BE8C-40B1-A5CD-7342FBA04629}.Debug|Any CPU.Build.0 = Debug|Any CPU
		{FB7258B2-BE8C-40B1-A5CD-7342FBA04629}.Release|Any CPU.ActiveCfg = Release|Any CPU
		{FB7258B2-BE8C-40B1-A5CD-7342FBA04629}.Release|Any CPU.Build.0 = Release|Any CPU
		{D108F979-C7A8-4481-8862-5EFD387A73D8}.Debug|Any CPU.ActiveCfg = Debug|Any CPU
		{D108F979-C7A8-4481-8862-5EFD387A73D8}.Debug|Any CPU.Build.0 = Debug|Any CPU
		{D108F979-C7A8-4481-8862-5EFD387A73D8}.Release|Any CPU.ActiveCfg = Release|Any CPU
		{D108F979-C7A8-4481-8862-5EFD387A73D8}.Release|Any CPU.Build.0 = Release|Any CPU
		{38373C2B-F075-4B07-9E06-7F15B56471D4}.Debug|Any CPU.ActiveCfg = Debug|Any CPU
		{38373C2B-F075-4B07-9E06-7F15B56471D4}.Debug|Any CPU.Build.0 = Debug|Any CPU
		{38373C2B-F075-4B07-9E06-7F15B56471D4}.Release|Any CPU.ActiveCfg = Release|Any CPU
		{38373C2B-F075-4B07-9E06-7F15B56471D4}.Release|Any CPU.Build.0 = Release|Any CPU
	EndGlobalSection
	GlobalSection(SolutionProperties) = preSolution
		HideSolutionNode = FALSE
	EndGlobalSection
	GlobalSection(NestedProjects) = preSolution
		{99595782-FB1C-4F23-811F-D44CCDA0C18C} = {A012EFD8-D223-419A-81B9-09D076BC4282}
		{6F7D048F-0597-44D2-AA80-16D565C5100E} = {A012EFD8-D223-419A-81B9-09D076BC4282}
		{06C88F0B-B637-40E4-948A-2BD860F64D0D} = {A012EFD8-D223-419A-81B9-09D076BC4282}
		{739AB47A-589F-4D93-96FF-3D2B7646F1C0} = {EF9AB35D-F602-409E-99FE-1B87FFEFF5E5}
		{FB7258B2-BE8C-40B1-A5CD-7342FBA04629} = {A012EFD8-D223-419A-81B9-09D076BC4282}
		{D108F979-C7A8-4481-8862-5EFD387A73D8} = {EF9AB35D-F602-409E-99FE-1B87FFEFF5E5}
		{38373C2B-F075-4B07-9E06-7F15B56471D4} = {EF9AB35D-F602-409E-99FE-1B87FFEFF5E5}
	EndGlobalSection
	GlobalSection(ExtensibilityGlobals) = postSolution
		SolutionGuid = {6F45290C-1531-4753-98B4-3F380C2392F1}
	EndGlobalSection
EndGlobal
